{
  "lockfileVersion": 1,
  "workspaces": {
    "": {
      "name": "wasm",
      "dependencies": {
        "@bufbuild/protobuf": "2.10.1",
        "@bufbuild/protoc-gen-es": "2.10.1",
        "@bufbuild/protoplugin": "2.10.1",
      },
      "devDependencies": {
        "@types/node": "^24.10.1",
        "@types/quickjs": "github:Gottox/quickjs-dts",
        "prettier": "^3.6.2",
        "typescript": "^5.9.3",
      },
    },
  },
  "packages": {
    "@bufbuild/protobuf": ["@bufbuild/protobuf@2.10.1", "", {}, "sha512-ckS3+vyJb5qGpEYv/s1OebUHDi/xSNtfgw1wqKZo7MR9F2z+qXr0q5XagafAG/9O0QPVIUfST0smluYSTpYFkg=="],

    "@bufbuild/protoc-gen-es": ["@bufbuild/protoc-gen-es@2.10.1", "", { "dependencies": { "@bufbuild/protobuf": "2.10.1", "@bufbuild/protoplugin": "2.10.1" }, "bin": { "protoc-gen-es": "bin/protoc-gen-es" } }, "sha512-vsfbWs1X93oX+sMMJ7910/OwIizAYH5IOAArsxnSTifiop1fVgLFPAvJBLiHZoNMI8B/lbqji2SFwvjK0AWO1Q=="],

    "@bufbuild/protoplugin": ["@bufbuild/protoplugin@2.10.1", "", { "dependencies": { "@bufbuild/protobuf": "2.10.1", "@typescript/vfs": "^1.6.2", "typescript": "5.4.5" } }, "sha512-imB8dKEjrOnG5+XqVS+CeYn924WGLU/g3wogKhk11XtX9y9NJ7432OS6h24asuBbLrQcPdEZ6QkfM7KeOCeeyQ=="],

    "@types/node": ["@types/node@24.10.1", "", { "dependencies": { "undici-types": "~7.16.0" } }, "sha512-GNWcUTRBgIRJD5zj+Tq0fKOJ5XZajIiBroOF0yvj2bSU1WvNdYS/dn9UxwsujGW4JX06dnHyjV2y9rRaybH0iQ=="],

    "@types/quickjs": ["@types/quickjs@github:Gottox/quickjs-dts#c4bbd81", {}, "Gottox-quickjs-dts-c4bbd81"],

    "@typescript/vfs": ["@typescript/vfs@1.6.2", "", { "dependencies": { "debug": "^4.1.1" }, "peerDependencies": { "typescript": "*" } }, "sha512-hoBwJwcbKHmvd2QVebiytN1aELvpk9B74B4L1mFm/XT1Q/VOYAWl2vQ9AWRFtQq8zmz6enTpfTV8WRc4ATjW/g=="],

    "debug": ["debug@4.4.0", "", { "dependencies": { "ms": "^2.1.3" } }, "sha512-6WTZ/IxCY/T6BALoZHaE4ctp9xm+Z5kY/pzYaCHRFeyVhojxlrm+46y68HA6hr0TcwEssoxNiDEUJQjfPZ/RYA=="],

    "ms": ["ms@2.1.3", "", {}, "sha512-6FlzubTLZG3J2a/NVCAleEhjzq5oxgHyaCU9yYXvcLsvoVaHJq/s5xXI6/XXP6tz7R9xAOtHnSO/tXtF3WRTlA=="],

    "prettier": ["prettier@3.6.2", "", { "bin": { "prettier": "bin/prettier.cjs" } }, "sha512-I7AIg5boAr5R0FFtJ6rCfD+LFsWHp81dolrFD8S79U9tb8Az2nGrJncnMSnys+bpQJfRUzqs9hnA81OAA3hCuQ=="],

    "typescript": ["typescript@5.9.3", "", { "bin": { "tsc": "bin/tsc", "tsserver": "bin/tsserver" } }, "sha512-jl1vZzPDinLr9eUt3J/t7V6FgNEw9QjvBPdysz9KfQDD41fQrC2Y4vKQdiaUpFT4bXlb1RHhLpp8wtm6M5TgSw=="],

    "undici-types": ["undici-types@7.16.0", "", {}, "sha512-Zz+aZWSj8LE6zoxD+xrjh4VfkIG8Ya6LvYkZqtUQGJPZjYl53ypCaUwWqo7eI0x66KBGeRo+mlBEkMSeSZ38Nw=="],

    "@bufbuild/protoplugin/typescript": ["typescript@5.4.5", "", { "bin": { "tsc": "bin/tsc", "tsserver": "bin/tsserver" } }, "sha512-vcI4UpRgg81oIRUFwR0WSIHKt11nJ7SAVlYNIu+QpqeyXP+gpQJy/Z4+F0aGxSE4MqwjyXvW/TzgkLAx2AGHwQ=="],
  }
}
