{
  "lockfileVersion": 1,
  "workspaces": {
    "": {
      "name": "wasm",
      "dependencies": {
        "@bufbuild/protobuf": "2.6.2",
        "@bufbuild/protoc-gen-es": "2.6.2",
        "@bufbuild/protoplugin": "2.6.2",
      },
      "devDependencies": {
        "@types/node": "^24.1.0",
        "@types/quickjs": "github:Gottox/quickjs-dts",
        "prettier": "^3.6.2",
        "typescript": "^5.8.3",
      },
    },
  },
  "packages": {
    "@bufbuild/protobuf": ["@bufbuild/protobuf@2.6.2", "", {}, "sha512-vLu7SRY84CV/Dd+NUdgtidn2hS5hSMUC1vDBY0VcviTdgRYkU43vIz3vIFbmx14cX1r+mM7WjzE5Fl1fGEM0RQ=="],

    "@bufbuild/protoc-gen-es": ["@bufbuild/protoc-gen-es@2.6.2", "", { "dependencies": { "@bufbuild/protobuf": "2.6.2", "@bufbuild/protoplugin": "2.6.2" }, "bin": { "protoc-gen-es": "bin/protoc-gen-es" } }, "sha512-23oadoLfK9E+p5jLulwz9fRf8oE4JiwbMp7/CXdogNhuADJxpbfnCV+2ByJgG+QTU+uaGQBro79XqO2CQdzRMQ=="],

    "@bufbuild/protoplugin": ["@bufbuild/protoplugin@2.6.2", "", { "dependencies": { "@bufbuild/protobuf": "2.6.2", "@typescript/vfs": "^1.5.2", "typescript": "5.4.5" } }, "sha512-EYVPnRXOkWuqBDqRYhLsquOnk5SGU2Ce3lAOBDEZyntHwu0xcjcIZeTI+as+HnArtcJwrXK0u6x3Rtmt2IcHlA=="],

    "@types/node": ["@types/node@24.1.0", "", { "dependencies": { "undici-types": "~7.8.0" } }, "sha512-ut5FthK5moxFKH2T1CUOC6ctR67rQRvvHdFLCD2Ql6KXmMuCrjsSsRI9UsLCm9M18BMwClv4pn327UvB7eeO1w=="],

    "@types/quickjs": ["@types/quickjs@github:Gottox/quickjs-dts#c4bbd81", {}, "Gottox-quickjs-dts-c4bbd81"],

    "@typescript/vfs": ["@typescript/vfs@1.6.1", "", { "dependencies": { "debug": "^4.1.1" }, "peerDependencies": { "typescript": "*" } }, "sha512-JwoxboBh7Oz1v38tPbkrZ62ZXNHAk9bJ7c9x0eI5zBfBnBYGhURdbnh7Z4smN/MV48Y5OCcZb58n972UtbazsA=="],

    "debug": ["debug@4.4.0", "", { "dependencies": { "ms": "^2.1.3" } }, "sha512-6WTZ/IxCY/T6BALoZHaE4ctp9xm+Z5kY/pzYaCHRFeyVhojxlrm+46y68HA6hr0TcwEssoxNiDEUJQjfPZ/RYA=="],

    "ms": ["ms@2.1.3", "", {}, "sha512-6FlzubTLZG3J2a/NVCAleEhjzq5oxgHyaCU9yYXvcLsvoVaHJq/s5xXI6/XXP6tz7R9xAOtHnSO/tXtF3WRTlA=="],

    "prettier": ["prettier@3.6.2", "", { "bin": { "prettier": "bin/prettier.cjs" } }, "sha512-I7AIg5boAr5R0FFtJ6rCfD+LFsWHp81dolrFD8S79U9tb8Az2nGrJncnMSnys+bpQJfRUzqs9hnA81OAA3hCuQ=="],

    "typescript": ["typescript@5.8.3", "", { "bin": { "tsc": "bin/tsc", "tsserver": "bin/tsserver" } }, "sha512-p1diW6TqL9L07nNxvRMM7hMMw4c5XOo/1ibL4aAIGmSAt9slTE1Xgw5KWuof2uTOvCg9BY7ZRi+GaF+7sfgPeQ=="],

    "undici-types": ["undici-types@7.8.0", "", {}, "sha512-9UJ2xGDvQ43tYyVMpuHlsgApydB8ZKfVYTsLDhXkFL/6gfkp+U8xTGdh8pMJv1SpZna0zxG1DwsKZsreLbXBxw=="],

    "@bufbuild/protoplugin/typescript": ["typescript@5.4.5", "", { "bin": { "tsc": "bin/tsc", "tsserver": "bin/tsserver" } }, "sha512-vcI4UpRgg81oIRUFwR0WSIHKt11nJ7SAVlYNIu+QpqeyXP+gpQJy/Z4+F0aGxSE4MqwjyXvW/TzgkLAx2AGHwQ=="],
  }
}
